
Microsoft Visual Studio Solution File, Format Version 12.00
# Visual Studio Version 17
VisualStudioVersion = 17.0.31903.59
MinimumVisualStudioVersion = 10.0.40219.1
Project("{2150E333-8FDC-42A3-9474-1A3956D46DE8}") = "src", "src", "{827E0CD3-B72D-47B6-A68D-7590B98EB39B}"
EndProject
Project("{FAE04EC0-301F-11D3-BF4B-00C04F79EFBC}") = "Daiso.Core", "src\Daiso.Core\Daiso.Core.csproj", "{AFC7C8E5-2D01-4B84-BA03-1AF96E553784}"
EndProject
Project("{FAE04EC0-301F-11D3-BF4B-00C04F79EFBC}") = "Daiso.Providers.Claude", "src\Daiso.Providers.Claude\Daiso.Providers.Claude.csproj", "{A91CF280-3B49-4EC4-B02A-5277F4CDCDE8}"
EndProject
Project("{FAE04EC0-301F-11D3-BF4B-00C04F79EFBC}") = "Daiso.Providers.Codex", "src\Daiso.Providers.Codex\Daiso.Providers.Codex.csproj", "{F75C1F89-2570-4ED3-920C-6CA8DE564921}"
EndProject
Project("{FAE04EC0-301F-11D3-BF4B-00C04F79EFBC}") = "Daiso.Infrastructure", "src\Daiso.Infrastructure\Daiso.Infrastructure.csproj", "{C6F863DD-B807-447A-B331-3F3324FCE78D}"
EndProject
Project("{2150E333-8FDC-42A3-9474-1A3956D46DE8}") = "tools", "tools", "{07C2787E-EAC7-C090-1BA3-A61EC2A24D84}"
EndProject
Project("{FAE04EC0-301F-11D3-BF4B-00C04F79EFBC}") = "Daiso.Cli", "tools\Daiso.Cli\Daiso.Cli.csproj", "{CDB247EE-1EDB-4DC7-8116-AB5D17A2C271}"
EndProject
Project("{2150E333-8FDC-42A3-9474-1A3956D46DE8}") = "tests", "tests", "{0AB3BF05-4346-4AA6-1389-037BE0695223}"
EndProject
Project("{FAE04EC0-301F-11D3-BF4B-00C04F79EFBC}") = "Daiso.Core.Tests", "tests\Daiso.Core.Tests\Daiso.Core.Tests.csproj", "{2F020DEA-6689-400B-A7C8-7ECBF1D0AEC4}"
EndProject
Project("{FAE04EC0-301F-11D3-BF4B-00C04F79EFBC}") = "Daiso.Providers.Tests", "tests\Daiso.Providers.Tests\Daiso.Providers.Tests.csproj", "{D1BBE5FC-57F1-487F-ABA7-D90584FFF55F}"
EndProject
Project("{FAE04EC0-301F-11D3-BF4B-00C04F79EFBC}") = "Daiso.Infrastructure.Tests", "tests\Daiso.Infrastructure.Tests\Daiso.Infrastructure.Tests.csproj", "{2A320D6A-2D43-4A2E-A836-FDF1C6EBD4D6}"
EndProject
Project("{FAE04EC0-301F-11D3-BF4B-00C04F79EFBC}") = "Daiso.Providers.Common", "src\Daiso.Providers.Common\Daiso.Providers.Common.csproj", "{1CBF4ED1-49B9-4465-8BEA-8C6D590DD214}"
EndProject
Project("{FAE04EC0-301F-11D3-BF4B-00C04F79EFBC}") = "Daiso.App", "src\Daiso.App\Daiso.App.csproj", "{42EDB77B-4072-4220-B87D-B94B50065638}"
EndProject
Project("{FAE04EC0-301F-11D3-BF4B-00C04F79EFBC}") = "Daiso.Providers.Antigravity", "src\Daiso.Providers.Antigravity\Daiso.Providers.Antigravity.csproj", "{40317DAA-4E2A-4881-BA54-61840A8819CE}"
EndProject
Global
	GlobalSection(SolutionConfigurationPlatforms) = preSolution
		Debug|Any CPU = Debug|Any CPU
		Debug|x64 = Debug|x64
		Debug|x86 = Debug|x86
		Release|Any CPU = Release|Any CPU
		Release|x64 = Release|x64
		Release|x86 = Release|x86
	EndGlobalSection
	GlobalSection(ProjectConfigurationPlatforms) = postSolution
		{AFC7C8E5-2D01-4B84-BA03-1AF96E553784}.Debug|Any CPU.ActiveCfg = Debug|Any CPU
		{AFC7C8E5-2D01-4B84-BA03-1AF96E553784}.Debug|Any CPU.Build.0 = Debug|Any CPU
		{AFC7C8E5-2D01-4B84-BA03-1AF96E553784}.Debug|x64.ActiveCfg = Debug|Any CPU
		{AFC7C8E5-2D01-4B84-BA03-1AF96E553784}.Debug|x64.Build.0 = Debug|Any CPU
		{AFC7C8E5-2D01-4B84-BA03-1AF96E553784}.Debug|x86.ActiveCfg = Debug|Any CPU
		{AFC7C8E5-2D01-4B84-BA03-1AF96E553784}.Debug|x86.Build.0 = Debug|Any CPU
		{AFC7C8E5-2D01-4B84-BA03-1AF96E553784}.Release|Any CPU.ActiveCfg = Release|Any CPU
		{AFC7C8E5-2D01-4B84-BA03-1AF96E553784}.Release|Any CPU.Build.0 = Release|Any CPU
		{AFC7C8E5-2D01-4B84-BA03-1AF96E553784}.Release|x64.ActiveCfg = Release|Any CPU
		{AFC7C8E5-2D01-4B84-BA03-1AF96E553784}.Release|x64.Build.0 = Release|Any CPU
		{AFC7C8E5-2D01-4B84-BA03-1AF96E553784}.Release|x86.ActiveCfg = Release|Any CPU
		{AFC7C8E5-2D01-4B84-BA03-1AF96E553784}.Release|x86.Build.0 = Release|Any CPU
		{A91CF280-3B49-4EC4-B02A-5277F4CDCDE8}.Debug|Any CPU.ActiveCfg = Debug|Any CPU
		{A91CF280-3B49-4EC4-B02A-5277F4CDCDE8}.Debug|Any CPU.Build.0 = Debug|Any CPU
		{A91CF280-3B49-4EC4-B02A-5277F4CDCDE8}.Debug|x64.ActiveCfg = Debug|Any CPU
		{A91CF280-3B49-4EC4-B02A-5277F4CDCDE8}.Debug|x64.Build.0 = Debug|Any CPU
		{A91CF280-3B49-4EC4-B02A-5277F4CDCDE8}.Debug|x86.ActiveCfg = Debug|Any CPU
		{A91CF280-3B49-4EC4-B02A-5277F4CDCDE8}.Debug|x86.Build.0 = Debug|Any CPU
		{A91CF280-3B49-4EC4-B02A-5277F4CDCDE8}.Release|Any CPU.ActiveCfg = Release|Any CPU
		{A91CF280-3B49-4EC4-B02A-5277F4CDCDE8}.Release|Any CPU.Build.0 = Release|Any CPU
		{A91CF280-3B49-4EC4-B02A-5277F4CDCDE8}.Release|x64.ActiveCfg = Release|Any CPU
		{A91CF280-3B49-4EC4-B02A-5277F4CDCDE8}.Release|x64.Build.0 = Release|Any CPU
		{A91CF280-3B49-4EC4-B02A-5277F4CDCDE8}.Release|x86.ActiveCfg = Release|Any CPU
		{A91CF280-3B49-4EC4-B02A-5277F4CDCDE8}.Release|x86.Build.0 = Release|Any CPU
		{F75C1F89-2570-4ED3-920C-6CA8DE564921}.Debug|Any CPU.ActiveCfg = Debug|Any CPU
		{F75C1F89-2570-4ED3-920C-6CA8DE564921}.Debug|Any CPU.Build.0 = Debug|Any CPU
		{F75C1F89-2570-4ED3-920C-6CA8DE564921}.Debug|x64.ActiveCfg = Debug|Any CPU
		{F75C1F89-2570-4ED3-920C-6CA8DE564921}.Debug|x64.Build.0 = Debug|Any CPU
		{F75C1F89-2570-4ED3-920C-6CA8DE564921}.Debug|x86.ActiveCfg = Debug|Any CPU
		{F75C1F89-2570-4ED3-920C-6CA8DE564921}.Debug|x86.Build.0 = Debug|Any CPU
		{F75C1F89-2570-4ED3-920C-6CA8DE564921}.Release|Any CPU.ActiveCfg = Release|Any CPU
		{F75C1F89-2570-4ED3-920C-6CA8DE564921}.Release|Any CPU.Build.0 = Release|Any CPU
		{F75C1F89-2570-4ED3-920C-6CA8DE564921}.Release|x64.ActiveCfg = Release|Any CPU
		{F75C1F89-2570-4ED3-920C-6CA8DE564921}.Release|x64.Build.0 = Release|Any CPU
		{F75C1F89-2570-4ED3-920C-6CA8DE564921}.Release|x86.ActiveCfg = Release|Any CPU
		{F75C1F89-2570-4ED3-920C-6CA8DE564921}.Release|x86.Build.0 = Release|Any CPU
		{C6F863DD-B807-447A-B331-3F3324FCE78D}.Debug|Any CPU.ActiveCfg = Debug|Any CPU
		{C6F863DD-B807-447A-B331-3F3324FCE78D}.Debug|Any CPU.Build.0 = Debug|Any CPU
		{C6F863DD-B807-447A-B331-3F3324FCE78D}.Debug|x64.ActiveCfg = Debug|Any CPU
		{C6F863DD-B807-447A-B331-3F3324FCE78D}.Debug|x64.Build.0 = Debug|Any CPU
		{C6F863DD-B807-447A-B331-3F3324FCE78D}.Debug|x86.ActiveCfg = Debug|Any CPU
		{C6F863DD-B807-447A-B331-3F3324FCE78D}.Debug|x86.Build.0 = Debug|Any CPU
		{C6F863DD-B807-447A-B331-3F3324FCE78D}.Release|Any CPU.ActiveCfg = Release|Any CPU
		{C6F863DD-B807-447A-B331-3F3324FCE78D}.Release|Any CPU.Build.0 = Release|Any CPU
		{C6F863DD-B807-447A-B331-3F3324FCE78D}.Release|x64.ActiveCfg = Release|Any CPU
		{C6F863DD-B807-447A-B331-3F3324FCE78D}.Release|x64.Build.0 = Release|Any CPU
		{C6F863DD-B807-447A-B331-3F3324FCE78D}.Release|x86.ActiveCfg = Release|Any CPU
		{C6F863DD-B807-447A-B331-3F3324FCE78D}.Release|x86.Build.0 = Release|Any CPU
		{CDB247EE-1EDB-4DC7-8116-AB5D17A2C271}.Debug|Any CPU.ActiveCfg = Debug|Any CPU
		{CDB247EE-1EDB-4DC7-8116-AB5D17A2C271}.Debug|Any CPU.Build.0 = Debug|Any CPU
		{CDB247EE-1EDB-4DC7-8116-AB5D17A2C271}.Debug|x64.ActiveCfg = Debug|Any CPU
		{CDB247EE-1EDB-4DC7-8116-AB5D17A2C271}.Debug|x64.Build.0 = Debug|Any CPU
		{CDB247EE-1EDB-4DC7-8116-AB5D17A2C271}.Debug|x86.ActiveCfg = Debug|Any CPU
		{CDB247EE-1EDB-4DC7-8116-AB5D17A2C271}.Debug|x86.Build.0 = Debug|Any CPU
		{CDB247EE-1EDB-4DC7-8116-AB5D17A2C271}.Release|Any CPU.ActiveCfg = Release|Any CPU
		{CDB247EE-1EDB-4DC7-8116-AB5D17A2C271}.Release|Any CPU.Build.0 = Release|Any CPU
		{CDB247EE-1EDB-4DC7-8116-AB5D17A2C271}.Release|x64.ActiveCfg = Release|Any CPU
		{CDB247EE-1EDB-4DC7-8116-AB5D17A2C271}.Release|x64.Build.0 = Release|Any CPU
		{CDB247EE-1EDB-4DC7-8116-AB5D17A2C271}.Release|x86.ActiveCfg = Release|Any CPU
		{CDB247EE-1EDB-4DC7-8116-AB5D17A2C271}.Release|x86.Build.0 = Release|Any CPU
		{2F020DEA-6689-400B-A7C8-7ECBF1D0AEC4}.Debug|Any CPU.ActiveCfg = Debug|Any CPU
		{2F020DEA-6689-400B-A7C8-7ECBF1D0AEC4}.Debug|Any CPU.Build.0 = Debug|Any CPU
		{2F020DEA-6689-400B-A7C8-7ECBF1D0AEC4}.Debug|x64.ActiveCfg = Debug|Any CPU
		{2F020DEA-6689-400B-A7C8-7ECBF1D0AEC4}.Debug|x64.Build.0 = Debug|Any CPU
		{2F020DEA-6689-400B-A7C8-7ECBF1D0AEC4}.Debug|x86.ActiveCfg = Debug|Any CPU
		{2F020DEA-6689-400B-A7C8-7ECBF1D0AEC4}.Debug|x86.Build.0 = Debug|Any CPU
		{2F020DEA-6689-400B-A7C8-7ECBF1D0AEC4}.Release|Any CPU.ActiveCfg = Release|Any CPU
		{2F020DEA-6689-400B-A7C8-7ECBF1D0AEC4}.Release|Any CPU.Build.0 = Release|Any CPU
		{2F020DEA-6689-400B-A7C8-7ECBF1D0AEC4}.Release|x64.ActiveCfg = Release|Any CPU
		{2F020DEA-6689-400B-A7C8-7ECBF1D0AEC4}.Release|x64.Build.0 = Release|Any CPU
		{2F020DEA-6689-400B-A7C8-7ECBF1D0AEC4}.Release|x86.ActiveCfg = Release|Any CPU
		{2F020DEA-6689-400B-A7C8-7ECBF1D0AEC4}.Release|x86.Build.0 = Release|Any CPU
		{D1BBE5FC-57F1-487F-ABA7-D90584FFF55F}.Debug|Any CPU.ActiveCfg = Debug|Any CPU
		{D1BBE5FC-57F1-487F-ABA7-D90584FFF55F}.Debug|Any CPU.Build.0 = Debug|Any CPU
		{D1BBE5FC-57F1-487F-ABA7-D90584FFF55F}.Debug|x64.ActiveCfg = Debug|Any CPU
		{D1BBE5FC-57F1-487F-ABA7-D90584FFF55F}.Debug|x64.Build.0 = Debug|Any CPU
		{D1BBE5FC-57F1-487F-ABA7-D90584FFF55F}.Debug|x86.ActiveCfg = Debug|Any CPU
		{D1BBE5FC-57F1-487F-ABA7-D90584FFF55F}.Debug|x86.Build.0 = Debug|Any CPU
		{D1BBE5FC-57F1-487F-ABA7-D90584FFF55F}.Release|Any CPU.ActiveCfg = Release|Any CPU
		{D1BBE5FC-57F1-487F-ABA7-D90584FFF55F}.Release|Any CPU.Build.0 = Release|Any CPU
		{D1BBE5FC-57F1-487F-ABA7-D90584FFF55F}.Release|x64.ActiveCfg = Release|Any CPU
		{D1BBE5FC-57F1-487F-ABA7-D90584FFF55F}.Release|x64.Build.0 = Release|Any CPU
		{D1BBE5FC-57F1-487F-ABA7-D90584FFF55F}.Release|x86.ActiveCfg = Release|Any CPU
		{D1BBE5FC-57F1-487F-ABA7-D90584FFF55F}.Release|x86.Build.0 = Release|Any CPU
		{2A320D6A-2D43-4A2E-A836-FDF1C6EBD4D6}.Debug|Any CPU.ActiveCfg = Debug|Any CPU
		{2A320D6A-2D43-4A2E-A836-FDF1C6EBD4D6}.Debug|Any CPU.Build.0 = Debug|Any CPU
		{2A320D6A-2D43-4A2E-A836-FDF1C6EBD4D6}.Debug|x64.ActiveCfg = Debug|Any CPU
		{2A320D6A-2D43-4A2E-A836-FDF1C6EBD4D6}.Debug|x64.Build.0 = Debug|Any CPU
		{2A320D6A-2D43-4A2E-A836-FDF1C6EBD4D6}.Debug|x86.ActiveCfg = Debug|Any CPU
		{2A320D6A-2D43-4A2E-A836-FDF1C6EBD4D6}.Debug|x86.Build.0 = Debug|Any CPU
		{2A320D6A-2D43-4A2E-A836-FDF1C6EBD4D6}.Release|Any CPU.ActiveCfg = Release|Any CPU
		{2A320D6A-2D43-4A2E-A836-FDF1C6EBD4D6}.Release|Any CPU.Build.0 = Release|Any CPU
		{2A320D6A-2D43-4A2E-A836-FDF1C6EBD4D6}.Release|x64.ActiveCfg = Release|Any CPU
		{2A320D6A-2D43-4A2E-A836-FDF1C6EBD4D6}.Release|x64.Build.0 = Release|Any CPU
		{2A320D6A-2D43-4A2E-A836-FDF1C6EBD4D6}.Release|x86.ActiveCfg = Release|Any CPU
		{2A320D6A-2D43-4A2E-A836-FDF1C6EBD4D6}.Release|x86.Build.0 = Release|Any CPU
		{1CBF4ED1-49B9-4465-8BEA-8C6D590DD214}.Debug|Any CPU.ActiveCfg = Debug|Any CPU
		{1CBF4ED1-49B9-4465-8BEA-8C6D590DD214}.Debug|Any CPU.Build.0 = Debug|Any CPU
		{1CBF4ED1-49B9-4465-8BEA-8C6D590DD214}.Debug|x64.ActiveCfg = Debug|Any CPU
		{1CBF4ED1-49B9-4465-8BEA-8C6D590DD214}.Debug|x64.Build.0 = Debug|Any CPU
		{1CBF4ED1-49B9-4465-8BEA-8C6D590DD214}.Debug|x86.ActiveCfg = Debug|Any CPU
		{1CBF4ED1-49B9-4465-8BEA-8C6D590DD214}.Debug|x86.Build.0 = Debug|Any CPU
		{1CBF4ED1-49B9-4465-8BEA-8C6D590DD214}.Release|Any CPU.ActiveCfg = Release|Any CPU
		{1CBF4ED1-49B9-4465-8BEA-8C6D590DD214}.Release|Any CPU.Build.0 = Release|Any CPU
		{1CBF4ED1-49B9-4465-8BEA-8C6D590DD214}.Release|x64.ActiveCfg = Release|Any CPU
		{1CBF4ED1-49B9-4465-8BEA-8C6D590DD214}.Release|x64.Build.0 = Release|Any CPU
		{1CBF4ED1-49B9-4465-8BEA-8C6D590DD214}.Release|x86.ActiveCfg = Release|Any CPU
		{1CBF4ED1-49B9-4465-8BEA-8C6D590DD214}.Release|x86.Build.0 = Release|Any CPU
		{42EDB77B-4072-4220-B87D-B94B50065638}.Debug|Any CPU.ActiveCfg = Debug|x64
		{42EDB77B-4072-4220-B87D-B94B50065638}.Debug|Any CPU.Build.0 = Debug|x64
		{42EDB77B-4072-4220-B87D-B94B50065638}.Debug|x64.ActiveCfg = Debug|x64
		{42EDB77B-4072-4220-B87D-B94B50065638}.Debug|x64.Build.0 = Debug|x64
		{42EDB77B-4072-4220-B87D-B94B50065638}.Debug|x86.ActiveCfg = Debug|x64
		{42EDB77B-4072-4220-B87D-B94B50065638}.Debug|x86.Build.0 = Debug|x64
		{42EDB77B-4072-4220-B87D-B94B50065638}.Release|Any CPU.ActiveCfg = Release|x64
		{42EDB77B-4072-4220-B87D-B94B50065638}.Release|Any CPU.Build.0 = Release|x64
		{42EDB77B-4072-4220-B87D-B94B50065638}.Release|x64.ActiveCfg = Release|x64
		{42EDB77B-4072-4220-B87D-B94B50065638}.Release|x64.Build.0 = Release|x64
		{42EDB77B-4072-4220-B87D-B94B50065638}.Release|x86.ActiveCfg = Release|x64
		{42EDB77B-4072-4220-B87D-B94B50065638}.Release|x86.Build.0 = Release|x64
		{40317DAA-4E2A-4881-BA54-61840A8819CE}.Debug|Any CPU.ActiveCfg = Debug|Any CPU
		{40317DAA-4E2A-4881-BA54-61840A8819CE}.Debug|Any CPU.Build.0 = Debug|Any CPU
		{40317DAA-4E2A-4881-BA54-61840A8819CE}.Debug|x64.ActiveCfg = Debug|Any CPU
		{40317DAA-4E2A-4881-BA54-61840A8819CE}.Debug|x64.Build.0 = Debug|Any CPU
		{40317DAA-4E2A-4881-BA54-61840A8819CE}.Debug|x86.ActiveCfg = Debug|Any CPU
		{40317DAA-4E2A-4881-BA54-61840A8819CE}.Debug|x86.Build.0 = Debug|Any CPU
		{40317DAA-4E2A-4881-BA54-61840A8819CE}.Release|Any CPU.ActiveCfg = Release|Any CPU
		{40317DAA-4E2A-4881-BA54-61840A8819CE}.Release|Any CPU.Build.0 = Release|Any CPU
		{40317DAA-4E2A-4881-BA54-61840A8819CE}.Release|x64.ActiveCfg = Release|Any CPU
		{40317DAA-4E2A-4881-BA54-61840A8819CE}.Release|x64.Build.0 = Release|Any CPU
		{40317DAA-4E2A-4881-BA54-61840A8819CE}.Release|x86.ActiveCfg = Release|Any CPU
		{40317DAA-4E2A-4881-BA54-61840A8819CE}.Release|x86.Build.0 = Release|Any CPU
	EndGlobalSection
	GlobalSection(SolutionProperties) = preSolution
		HideSolutionNode = FALSE
	EndGlobalSection
	GlobalSection(NestedProjects) = preSolution
		{AFC7C8E5-2D01-4B84-BA03-1AF96E553784} = {827E0CD3-B72D-47B6-A68D-7590B98EB39B}
		{A91CF280-3B49-4EC4-B02A-5277F4CDCDE8} = {827E0CD3-B72D-47B6-A68D-7590B98EB39B}
		{F75C1F89-2570-4ED3-920C-6CA8DE564921} = {827E0CD3-B72D-47B6-A68D-7590B98EB39B}
		{C6F863DD-B807-447A-B331-3F3324FCE78D} = {827E0CD3-B72D-47B6-A68D-7590B98EB39B}
		{CDB247EE-1EDB-4DC7-8116-AB5D17A2C271} = {07C2787E-EAC7-C090-1BA3-A61EC2A24D84}
		{2F020DEA-6689-400B-A7C8-7ECBF1D0AEC4} = {0AB3BF05-4346-4AA6-1389-037BE0695223}
		{D1BBE5FC-57F1-487F-ABA7-D90584FFF55F} = {0AB3BF05-4346-4AA6-1389-037BE0695223}
		{2A320D6A-2D43-4A2E-A836-FDF1C6EBD4D6} = {0AB3BF05-4346-4AA6-1389-037BE0695223}
		{1CBF4ED1-49B9-4465-8BEA-8C6D590DD214} = {827E0CD3-B72D-47B6-A68D-7590B98EB39B}
		{42EDB77B-4072-4220-B87D-B94B50065638} = {827E0CD3-B72D-47B6-A68D-7590B98EB39B}
		{40317DAA-4E2A-4881-BA54-61840A8819CE} = {827E0CD3-B72D-47B6-A68D-7590B98EB39B}
	EndGlobalSection
EndGlobal
