
Microsoft Visual Studio Solution File, Format Version 12.00
# Visual Studio Version 17
VisualStudioVersion = 17.0.31903.59
MinimumVisualStudioVersion = 10.0.40219.1
Project("{2150E333-8FDC-42A3-9474-1A3956D46DE8}") = "old-src", "old-src", "{7D266E83-A574-6A94-1006-C5E1E4E33635}"
EndProject
Project("{FAE04EC0-301F-11D3-BF4B-00C04F79EFBC}") = "Daiso.Core", "..\old\src\Daiso.Core\Daiso.Core.csproj", "{6EDB0B5D-62DD-4E1B-AD1A-0AA84F8D443F}"
EndProject
Project("{FAE04EC0-301F-11D3-BF4B-00C04F79EFBC}") = "Daiso.Infrastructure", "..\old\src\Daiso.Infrastructure\Daiso.Infrastructure.csproj", "{682D23E9-5FB3-49F3-B53A-EFC914307012}"
EndProject
Project("{FAE04EC0-301F-11D3-BF4B-00C04F79EFBC}") = "Daiso.Providers.Claude", "..\old\src\Daiso.Providers.Claude\Daiso.Providers.Claude.csproj", "{74E4E73F-48AA-4197-9453-825082739BD4}"
EndProject
Project("{FAE04EC0-301F-11D3-BF4B-00C04F79EFBC}") = "Daiso.Providers.Common", "..\old\src\Daiso.Providers.Common\Daiso.Providers.Common.csproj", "{A5C24413-2871-49E6-803F-E68ECB066E91}"
EndProject
Project("{FAE04EC0-301F-11D3-BF4B-00C04F79EFBC}") = "Daiso.Providers.Codex", "..\old\src\Daiso.Providers.Codex\Daiso.Providers.Codex.csproj", "{2B7FFF25-796D-4818-85F7-6B9090FF7129}"
EndProject
Project("{FAE04EC0-301F-11D3-BF4B-00C04F79EFBC}") = "Daiso.Providers.Antigravity", "..\old\src\Daiso.Providers.Antigravity\Daiso.Providers.Antigravity.csproj", "{F722AE58-D62F-429D-B56A-59228FA1A11D}"
EndProject
Project("{FAE04EC0-301F-11D3-BF4B-00C04F79EFBC}") = "Daiso.Providers.Manifest", "..\old\src\Daiso.Providers.Manifest\Daiso.Providers.Manifest.csproj", "{3456138C-5D30-488B-851F-70982355AEFE}"
EndProject
Project("{2150E333-8FDC-42A3-9474-1A3956D46DE8}") = "old-tests", "old-tests", "{7D69DCD0-4B9A-4B83-F568-D2E0059A5807}"
EndProject
Project("{FAE04EC0-301F-11D3-BF4B-00C04F79EFBC}") = "Daiso.Core.Tests", "..\old\tests\Daiso.Core.Tests\Daiso.Core.Tests.csproj", "{2406F022-A202-4080-A6B4-A2F0EBB897AF}"
EndProject
Project("{FAE04EC0-301F-11D3-BF4B-00C04F79EFBC}") = "Daiso.Infrastructure.Tests", "..\old\tests\Daiso.Infrastructure.Tests\Daiso.Infrastructure.Tests.csproj", "{B0024644-6640-411A-A1E5-5925CFDD7D36}"
EndProject
Project("{FAE04EC0-301F-11D3-BF4B-00C04F79EFBC}") = "Daiso.Providers.Tests", "..\old\tests\Daiso.Providers.Tests\Daiso.Providers.Tests.csproj", "{6F190A81-DE0B-4A4D-A4C4-A132F8AC0CDA}"
EndProject
Project("{FAE04EC0-301F-11D3-BF4B-00C04F79EFBC}") = "Daiso.Adapter.Claude", "..\old\tools\adapters\Daiso.Adapter.Claude\Daiso.Adapter.Claude.csproj", "{069FD359-BDFD-44CC-8012-F035A58E93DB}"
EndProject
Global
	GlobalSection(SolutionConfigurationPlatforms) = preSolution
		Debug|Any CPU = Debug|Any CPU
		Debug|x64 = Debug|x64
		Debug|x86 = Debug|x86
		Release|Any CPU = Release|Any CPU
		Release|x64 = Release|x64
		Release|x86 = Release|x86
	EndGlobalSection
	GlobalSection(ProjectConfigurationPlatforms) = postSolution
		{6EDB0B5D-62DD-4E1B-AD1A-0AA84F8D443F}.Debug|Any CPU.ActiveCfg = Debug|Any CPU
		{6EDB0B5D-62DD-4E1B-AD1A-0AA84F8D443F}.Debug|Any CPU.Build.0 = Debug|Any CPU
		{6EDB0B5D-62DD-4E1B-AD1A-0AA84F8D443F}.Debug|x64.ActiveCfg = Debug|Any CPU
		{6EDB0B5D-62DD-4E1B-AD1A-0AA84F8D443F}.Debug|x64.Build.0 = Debug|Any CPU
		{6EDB0B5D-62DD-4E1B-AD1A-0AA84F8D443F}.Debug|x86.ActiveCfg = Debug|Any CPU
		{6EDB0B5D-62DD-4E1B-AD1A-0AA84F8D443F}.Debug|x86.Build.0 = Debug|Any CPU
		{6EDB0B5D-62DD-4E1B-AD1A-0AA84F8D443F}.Release|Any CPU.ActiveCfg = Release|Any CPU
		{6EDB0B5D-62DD-4E1B-AD1A-0AA84F8D443F}.Release|Any CPU.Build.0 = Release|Any CPU
		{6EDB0B5D-62DD-4E1B-AD1A-0AA84F8D443F}.Release|x64.ActiveCfg = Release|Any CPU
		{6EDB0B5D-62DD-4E1B-AD1A-0AA84F8D443F}.Release|x64.Build.0 = Release|Any CPU
		{6EDB0B5D-62DD-4E1B-AD1A-0AA84F8D443F}.Release|x86.ActiveCfg = Release|Any CPU
		{6EDB0B5D-62DD-4E1B-AD1A-0AA84F8D443F}.Release|x86.Build.0 = Release|Any CPU
		{682D23E9-5FB3-49F3-B53A-EFC914307012}.Debug|Any CPU.ActiveCfg = Debug|Any CPU
		{682D23E9-5FB3-49F3-B53A-EFC914307012}.Debug|Any CPU.Build.0 = Debug|Any CPU
		{682D23E9-5FB3-49F3-B53A-EFC914307012}.Debug|x64.ActiveCfg = Debug|Any CPU
		{682D23E9-5FB3-49F3-B53A-EFC914307012}.Debug|x64.Build.0 = Debug|Any CPU
		{682D23E9-5FB3-49F3-B53A-EFC914307012}.Debug|x86.ActiveCfg = Debug|Any CPU
		{682D23E9-5FB3-49F3-B53A-EFC914307012}.Debug|x86.Build.0 = Debug|Any CPU
		{682D23E9-5FB3-49F3-B53A-EFC914307012}.Release|Any CPU.ActiveCfg = Release|Any CPU
		{682D23E9-5FB3-49F3-B53A-EFC914307012}.Release|Any CPU.Build.0 = Release|Any CPU
		{682D23E9-5FB3-49F3-B53A-EFC914307012}.Release|x64.ActiveCfg = Release|Any CPU
		{682D23E9-5FB3-49F3-B53A-EFC914307012}.Release|x64.Build.0 = Release|Any CPU
		{682D23E9-5FB3-49F3-B53A-EFC914307012}.Release|x86.ActiveCfg = Release|Any CPU
		{682D23E9-5FB3-49F3-B53A-EFC914307012}.Release|x86.Build.0 = Release|Any CPU
		{74E4E73F-48AA-4197-9453-825082739BD4}.Debug|Any CPU.ActiveCfg = Debug|Any CPU
		{74E4E73F-48AA-4197-9453-825082739BD4}.Debug|Any CPU.Build.0 = Debug|Any CPU
		{74E4E73F-48AA-4197-9453-825082739BD4}.Debug|x64.ActiveCfg = Debug|Any CPU
		{74E4E73F-48AA-4197-9453-825082739BD4}.Debug|x64.Build.0 = Debug|Any CPU
		{74E4E73F-48AA-4197-9453-825082739BD4}.Debug|x86.ActiveCfg = Debug|Any CPU
		{74E4E73F-48AA-4197-9453-825082739BD4}.Debug|x86.Build.0 = Debug|Any CPU
		{74E4E73F-48AA-4197-9453-825082739BD4}.Release|Any CPU.ActiveCfg = Release|Any CPU
		{74E4E73F-48AA-4197-9453-825082739BD4}.Release|Any CPU.Build.0 = Release|Any CPU
		{74E4E73F-48AA-4197-9453-825082739BD4}.Release|x64.ActiveCfg = Release|Any CPU
		{74E4E73F-48AA-4197-9453-825082739BD4}.Release|x64.Build.0 = Release|Any CPU
		{74E4E73F-48AA-4197-9453-825082739BD4}.Release|x86.ActiveCfg = Release|Any CPU
		{74E4E73F-48AA-4197-9453-825082739BD4}.Release|x86.Build.0 = Release|Any CPU
		{A5C24413-2871-49E6-803F-E68ECB066E91}.Debug|Any CPU.ActiveCfg = Debug|Any CPU
		{A5C24413-2871-49E6-803F-E68ECB066E91}.Debug|Any CPU.Build.0 = Debug|Any CPU
		{A5C24413-2871-49E6-803F-E68ECB066E91}.Debug|x64.ActiveCfg = Debug|Any CPU
		{A5C24413-2871-49E6-803F-E68ECB066E91}.Debug|x64.Build.0 = Debug|Any CPU
		{A5C24413-2871-49E6-803F-E68ECB066E91}.Debug|x86.ActiveCfg = Debug|Any CPU
		{A5C24413-2871-49E6-803F-E68ECB066E91}.Debug|x86.Build.0 = Debug|Any CPU
		{A5C24413-2871-49E6-803F-E68ECB066E91}.Release|Any CPU.ActiveCfg = Release|Any CPU
		{A5C24413-2871-49E6-803F-E68ECB066E91}.Release|Any CPU.Build.0 = Release|Any CPU
		{A5C24413-2871-49E6-803F-E68ECB066E91}.Release|x64.ActiveCfg = Release|Any CPU
		{A5C24413-2871-49E6-803F-E68ECB066E91}.Release|x64.Build.0 = Release|Any CPU
		{A5C24413-2871-49E6-803F-E68ECB066E91}.Release|x86.ActiveCfg = Release|Any CPU
		{A5C24413-2871-49E6-803F-E68ECB066E91}.Release|x86.Build.0 = Release|Any CPU
		{2B7FFF25-796D-4818-85F7-6B9090FF7129}.Debug|Any CPU.ActiveCfg = Debug|Any CPU
		{2B7FFF25-796D-4818-85F7-6B9090FF7129}.Debug|Any CPU.Build.0 = Debug|Any CPU
		{2B7FFF25-796D-4818-85F7-6B9090FF7129}.Debug|x64.ActiveCfg = Debug|Any CPU
		{2B7FFF25-796D-4818-85F7-6B9090FF7129}.Debug|x64.Build.0 = Debug|Any CPU
		{2B7FFF25-796D-4818-85F7-6B9090FF7129}.Debug|x86.ActiveCfg = Debug|Any CPU
		{2B7FFF25-796D-4818-85F7-6B9090FF7129}.Debug|x86.Build.0 = Debug|Any CPU
		{2B7FFF25-796D-4818-85F7-6B9090FF7129}.Release|Any CPU.ActiveCfg = Release|Any CPU
		{2B7FFF25-796D-4818-85F7-6B9090FF7129}.Release|Any CPU.Build.0 = Release|Any CPU
		{2B7FFF25-796D-4818-85F7-6B9090FF7129}.Release|x64.ActiveCfg = Release|Any CPU
		{2B7FFF25-796D-4818-85F7-6B9090FF7129}.Release|x64.Build.0 = Release|Any CPU
		{2B7FFF25-796D-4818-85F7-6B9090FF7129}.Release|x86.ActiveCfg = Release|Any CPU
		{2B7FFF25-796D-4818-85F7-6B9090FF7129}.Release|x86.Build.0 = Release|Any CPU
		{F722AE58-D62F-429D-B56A-59228FA1A11D}.Debug|Any CPU.ActiveCfg = Debug|Any CPU
		{F722AE58-D62F-429D-B56A-59228FA1A11D}.Debug|Any CPU.Build.0 = Debug|Any CPU
		{F722AE58-D62F-429D-B56A-59228FA1A11D}.Debug|x64.ActiveCfg = Debug|Any CPU
		{F722AE58-D62F-429D-B56A-59228FA1A11D}.Debug|x64.Build.0 = Debug|Any CPU
		{F722AE58-D62F-429D-B56A-59228FA1A11D}.Debug|x86.ActiveCfg = Debug|Any CPU
		{F722AE58-D62F-429D-B56A-59228FA1A11D}.Debug|x86.Build.0 = Debug|Any CPU
		{F722AE58-D62F-429D-B56A-59228FA1A11D}.Release|Any CPU.ActiveCfg = Release|Any CPU
		{F722AE58-D62F-429D-B56A-59228FA1A11D}.Release|Any CPU.Build.0 = Release|Any CPU
		{F722AE58-D62F-429D-B56A-59228FA1A11D}.Release|x64.ActiveCfg = Release|Any CPU
		{F722AE58-D62F-429D-B56A-59228FA1A11D}.Release|x64.Build.0 = Release|Any CPU
		{F722AE58-D62F-429D-B56A-59228FA1A11D}.Release|x86.ActiveCfg = Release|Any CPU
		{F722AE58-D62F-429D-B56A-59228FA1A11D}.Release|x86.Build.0 = Release|Any CPU
		{3456138C-5D30-488B-851F-70982355AEFE}.Debug|Any CPU.ActiveCfg = Debug|Any CPU
		{3456138C-5D30-488B-851F-70982355AEFE}.Debug|Any CPU.Build.0 = Debug|Any CPU
		{3456138C-5D30-488B-851F-70982355AEFE}.Debug|x64.ActiveCfg = Debug|Any CPU
		{3456138C-5D30-488B-851F-70982355AEFE}.Debug|x64.Build.0 = Debug|Any CPU
		{3456138C-5D30-488B-851F-70982355AEFE}.Debug|x86.ActiveCfg = Debug|Any CPU
		{3456138C-5D30-488B-851F-70982355AEFE}.Debug|x86.Build.0 = Debug|Any CPU
		{3456138C-5D30-488B-851F-70982355AEFE}.Release|Any CPU.ActiveCfg = Release|Any CPU
		{3456138C-5D30-488B-851F-70982355AEFE}.Release|Any CPU.Build.0 = Release|Any CPU
		{3456138C-5D30-488B-851F-70982355AEFE}.Release|x64.ActiveCfg = Release|Any CPU
		{3456138C-5D30-488B-851F-70982355AEFE}.Release|x64.Build.0 = Release|Any CPU
		{3456138C-5D30-488B-851F-70982355AEFE}.Release|x86.ActiveCfg = Release|Any CPU
		{3456138C-5D30-488B-851F-70982355AEFE}.Release|x86.Build.0 = Release|Any CPU
		{2406F022-A202-4080-A6B4-A2F0EBB897AF}.Debug|Any CPU.ActiveCfg = Debug|Any CPU
		{2406F022-A202-4080-A6B4-A2F0EBB897AF}.Debug|Any CPU.Build.0 = Debug|Any CPU
		{2406F022-A202-4080-A6B4-A2F0EBB897AF}.Debug|x64.ActiveCfg = Debug|Any CPU
		{2406F022-A202-4080-A6B4-A2F0EBB897AF}.Debug|x64.Build.0 = Debug|Any CPU
		{2406F022-A202-4080-A6B4-A2F0EBB897AF}.Debug|x86.ActiveCfg = Debug|Any CPU
		{2406F022-A202-4080-A6B4-A2F0EBB897AF}.Debug|x86.Build.0 = Debug|Any CPU
		{2406F022-A202-4080-A6B4-A2F0EBB897AF}.Release|Any CPU.ActiveCfg = Release|Any CPU
		{2406F022-A202-4080-A6B4-A2F0EBB897AF}.Release|Any CPU.Build.0 = Release|Any CPU
		{2406F022-A202-4080-A6B4-A2F0EBB897AF}.Release|x64.ActiveCfg = Release|Any CPU
		{2406F022-A202-4080-A6B4-A2F0EBB897AF}.Release|x64.Build.0 = Release|Any CPU
		{2406F022-A202-4080-A6B4-A2F0EBB897AF}.Release|x86.ActiveCfg = Release|Any CPU
		{2406F022-A202-4080-A6B4-A2F0EBB897AF}.Release|x86.Build.0 = Release|Any CPU
		{B0024644-6640-411A-A1E5-5925CFDD7D36}.Debug|Any CPU.ActiveCfg = Debug|Any CPU
		{B0024644-6640-411A-A1E5-5925CFDD7D36}.Debug|Any CPU.Build.0 = Debug|Any CPU
		{B0024644-6640-411A-A1E5-5925CFDD7D36}.Debug|x64.ActiveCfg = Debug|Any CPU
		{B0024644-6640-411A-A1E5-5925CFDD7D36}.Debug|x64.Build.0 = Debug|Any CPU
		{B0024644-6640-411A-A1E5-5925CFDD7D36}.Debug|x86.ActiveCfg = Debug|Any CPU
		{B0024644-6640-411A-A1E5-5925CFDD7D36}.Debug|x86.Build.0 = Debug|Any CPU
		{B0024644-6640-411A-A1E5-5925CFDD7D36}.Release|Any CPU.ActiveCfg = Release|Any CPU
		{B0024644-6640-411A-A1E5-5925CFDD7D36}.Release|Any CPU.Build.0 = Release|Any CPU
		{B0024644-6640-411A-A1E5-5925CFDD7D36}.Release|x64.ActiveCfg = Release|Any CPU
		{B0024644-6640-411A-A1E5-5925CFDD7D36}.Release|x64.Build.0 = Release|Any CPU
		{B0024644-6640-411A-A1E5-5925CFDD7D36}.Release|x86.ActiveCfg = Release|Any CPU
		{B0024644-6640-411A-A1E5-5925CFDD7D36}.Release|x86.Build.0 = Release|Any CPU
		{6F190A81-DE0B-4A4D-A4C4-A132F8AC0CDA}.Debug|Any CPU.ActiveCfg = Debug|Any CPU
		{6F190A81-DE0B-4A4D-A4C4-A132F8AC0CDA}.Debug|Any CPU.Build.0 = Debug|Any CPU
		{6F190A81-DE0B-4A4D-A4C4-A132F8AC0CDA}.Debug|x64.ActiveCfg = Debug|Any CPU
		{6F190A81-DE0B-4A4D-A4C4-A132F8AC0CDA}.Debug|x64.Build.0 = Debug|Any CPU
		{6F190A81-DE0B-4A4D-A4C4-A132F8AC0CDA}.Debug|x86.ActiveCfg = Debug|Any CPU
		{6F190A81-DE0B-4A4D-A4C4-A132F8AC0CDA}.Debug|x86.Build.0 = Debug|Any CPU
		{6F190A81-DE0B-4A4D-A4C4-A132F8AC0CDA}.Release|Any CPU.ActiveCfg = Release|Any CPU
		{6F190A81-DE0B-4A4D-A4C4-A132F8AC0CDA}.Release|Any CPU.Build.0 = Release|Any CPU
		{6F190A81-DE0B-4A4D-A4C4-A132F8AC0CDA}.Release|x64.ActiveCfg = Release|Any CPU
		{6F190A81-DE0B-4A4D-A4C4-A132F8AC0CDA}.Release|x64.Build.0 = Release|Any CPU
		{6F190A81-DE0B-4A4D-A4C4-A132F8AC0CDA}.Release|x86.ActiveCfg = Release|Any CPU
		{6F190A81-DE0B-4A4D-A4C4-A132F8AC0CDA}.Release|x86.Build.0 = Release|Any CPU
		{069FD359-BDFD-44CC-8012-F035A58E93DB}.Debug|Any CPU.ActiveCfg = Debug|Any CPU
		{069FD359-BDFD-44CC-8012-F035A58E93DB}.Debug|Any CPU.Build.0 = Debug|Any CPU
		{069FD359-BDFD-44CC-8012-F035A58E93DB}.Debug|x64.ActiveCfg = Debug|Any CPU
		{069FD359-BDFD-44CC-8012-F035A58E93DB}.Debug|x64.Build.0 = Debug|Any CPU
		{069FD359-BDFD-44CC-8012-F035A58E93DB}.Debug|x86.ActiveCfg = Debug|Any CPU
		{069FD359-BDFD-44CC-8012-F035A58E93DB}.Debug|x86.Build.0 = Debug|Any CPU
		{069FD359-BDFD-44CC-8012-F035A58E93DB}.Release|Any CPU.ActiveCfg = Release|Any CPU
		{069FD359-BDFD-44CC-8012-F035A58E93DB}.Release|Any CPU.Build.0 = Release|Any CPU
		{069FD359-BDFD-44CC-8012-F035A58E93DB}.Release|x64.ActiveCfg = Release|Any CPU
		{069FD359-BDFD-44CC-8012-F035A58E93DB}.Release|x64.Build.0 = Release|Any CPU
		{069FD359-BDFD-44CC-8012-F035A58E93DB}.Release|x86.ActiveCfg = Release|Any CPU
		{069FD359-BDFD-44CC-8012-F035A58E93DB}.Release|x86.Build.0 = Release|Any CPU
	EndGlobalSection
	GlobalSection(SolutionProperties) = preSolution
		HideSolutionNode = FALSE
	EndGlobalSection
	GlobalSection(NestedProjects) = preSolution
		{6EDB0B5D-62DD-4E1B-AD1A-0AA84F8D443F} = {7D266E83-A574-6A94-1006-C5E1E4E33635}
		{682D23E9-5FB3-49F3-B53A-EFC914307012} = {7D266E83-A574-6A94-1006-C5E1E4E33635}
		{74E4E73F-48AA-4197-9453-825082739BD4} = {7D266E83-A574-6A94-1006-C5E1E4E33635}
		{A5C24413-2871-49E6-803F-E68ECB066E91} = {7D266E83-A574-6A94-1006-C5E1E4E33635}
		{2B7FFF25-796D-4818-85F7-6B9090FF7129} = {7D266E83-A574-6A94-1006-C5E1E4E33635}
		{F722AE58-D62F-429D-B56A-59228FA1A11D} = {7D266E83-A574-6A94-1006-C5E1E4E33635}
		{3456138C-5D30-488B-851F-70982355AEFE} = {7D266E83-A574-6A94-1006-C5E1E4E33635}
		{2406F022-A202-4080-A6B4-A2F0EBB897AF} = {7D69DCD0-4B9A-4B83-F568-D2E0059A5807}
		{B0024644-6640-411A-A1E5-5925CFDD7D36} = {7D69DCD0-4B9A-4B83-F568-D2E0059A5807}
		{6F190A81-DE0B-4A4D-A4C4-A132F8AC0CDA} = {7D69DCD0-4B9A-4B83-F568-D2E0059A5807}
		{069FD359-BDFD-44CC-8012-F035A58E93DB} = {7D69DCD0-4B9A-4B83-F568-D2E0059A5807}
	EndGlobalSection
EndGlobal
